
Microsoft Visual Studio Solution File, Format Version 12.00
# Visual Studio Version 16
VisualStudioVersion = 16.0.29709.97
MinimumVisualStudioVersion = 10.0.40219.1
Project("{9A19103F-16F7-4668-BE54-9A1E7A4F7556}") = "PSearch", "PSearch\PSearch.csproj", "{00A8C428-6B6D-4C9A-8FA2-5E1348D077BC}"
EndProject
Project("{9092AA53-FB77-4645-B42D-1CCCA6BD08BD}") = "Media Server", "..\Media Server\Media Server\Media Server.njsproj", "{CC0C1401-CD10-43FF-B033-B4CFCC1C8900}"
EndProject
Global
	GlobalSection(SolutionConfigurationPlatforms) = preSolution
		Debug|Any CPU = Debug|Any CPU
		Release|Any CPU = Release|Any CPU
	EndGlobalSection
	GlobalSection(ProjectConfigurationPlatforms) = postSolution
		{00A8C428-6B6D-4C9A-8FA2-5E1348D077BC}.Debug|Any CPU.ActiveCfg = Debug|Any CPU
		{00A8C428-6B6D-4C9A-8FA2-5E1348D077BC}.Debug|Any CPU.Build.0 = Debug|Any CPU
		{00A8C428-6B6D-4C9A-8FA2-5E1348D077BC}.Release|Any CPU.ActiveCfg = Release|Any CPU
		{00A8C428-6B6D-4C9A-8FA2-5E1348D077BC}.Release|Any CPU.Build.0 = Release|Any CPU
		{CC0C1401-CD10-43FF-B033-B4CFCC1C8900}.Debug|Any CPU.ActiveCfg = Debug|Any CPU
		{CC0C1401-CD10-43FF-B033-B4CFCC1C8900}.Debug|Any CPU.Build.0 = Debug|Any CPU
		{CC0C1401-CD10-43FF-B033-B4CFCC1C8900}.Release|Any CPU.ActiveCfg = Release|Any CPU
		{CC0C1401-CD10-43FF-B033-B4CFCC1C8900}.Release|Any CPU.Build.0 = Release|Any CPU
	EndGlobalSection
	GlobalSection(SolutionProperties) = preSolution
		HideSolutionNode = FALSE
	EndGlobalSection
	GlobalSection(ExtensibilityGlobals) = postSolution
		SolutionGuid = {546B27F6-A854-4862-AD8C-17C814BFE63D}
	EndGlobalSection
EndGlobal
